
Microsoft Visual Studio Solution File, Format Version 12.00
# Visual Studio Version 17
VisualStudioVersion = 17.13.35818.85 d17.13
MinimumVisualStudioVersion = 10.0.40219.1
Project("{54A90642-561A-4BB1-A94E-469ADEE60C69}") = "bizvibe.client", "bizvibe.client\bizvibe.client.esproj", "{231F05A2-AE7B-25B5-5505-FBF5128BED9E}"
EndProject
Project("{FAE04EC0-301F-11D3-BF4B-00C04F79EFBC}") = "BizVibe.Server", "BizVibe.Server\BizVibe.Server.csproj", "{9EECE7C5-0A7F-4383-A630-E5C467591489}"
EndProject
Global
	GlobalSection(SolutionConfigurationPlatforms) = preSolution
		Debug|Any CPU = Debug|Any CPU
		Release|Any CPU = Release|Any CPU
	EndGlobalSection
	GlobalSection(ProjectConfigurationPlatforms) = postSolution
		{231F05A2-AE7B-25B5-5505-FBF5128BED9E}.Debug|Any CPU.ActiveCfg = Debug|Any CPU
		{231F05A2-AE7B-25B5-5505-FBF5128BED9E}.Debug|Any CPU.Build.0 = Debug|Any CPU
		{231F05A2-AE7B-25B5-5505-FBF5128BED9E}.Debug|Any CPU.Deploy.0 = Debug|Any CPU
		{231F05A2-AE7B-25B5-5505-FBF5128BED9E}.Release|Any CPU.ActiveCfg = Release|Any CPU
		{231F05A2-AE7B-25B5-5505-FBF5128BED9E}.Release|Any CPU.Build.0 = Release|Any CPU
		{231F05A2-AE7B-25B5-5505-FBF5128BED9E}.Release|Any CPU.Deploy.0 = Release|Any CPU
		{9EECE7C5-0A7F-4383-A630-E5C467591489}.Debug|Any CPU.ActiveCfg = Debug|Any CPU
		{9EECE7C5-0A7F-4383-A630-E5C467591489}.Debug|Any CPU.Build.0 = Debug|Any CPU
		{9EECE7C5-0A7F-4383-A630-E5C467591489}.Release|Any CPU.ActiveCfg = Release|Any CPU
		{9EECE7C5-0A7F-4383-A630-E5C467591489}.Release|Any CPU.Build.0 = Release|Any CPU
	EndGlobalSection
	GlobalSection(SolutionProperties) = preSolution
		HideSolutionNode = FALSE
	EndGlobalSection
	GlobalSection(ExtensibilityGlobals) = postSolution
		SolutionGuid = {4572E021-C190-46CB-9F0A-3DC51258FF18}
	EndGlobalSection
EndGlobal
